{
    "name": "telegram-bot",
    "version": "1.0.0",
    "lockfileVersion": 2,
    "requires": true,
    "packages": {
      "": {
        "name": "telegram-bot",
        "version": "1.0.0",
        "dependencies": {
          "axios": "^0.21.1",
          "express": "^4.17.1",
          "node-telegram-bot-api": "^0.51.0",
          "serverless-http": "^2.7.0"
        }
      },
      "node_modules/axios": {
        "version": "0.21.1",
        "resolved": "https://registry.npmjs.org/axios/-/axios-0.21.1.tgz",
        "integrity": "sha512-VY32I6IKH5eCn/Iq5/4Zojv1u9X9nJf3s75gxPJc6MIoVy99ar8B0NjyETuE3V9gD2z6YogqGsNgjnxK3s5SFw==",
        "dependencies": {
          "follow-redirects": "^1.10.0"
        }
      },
      "node_modules/express": {
        "version": "4.17.1",
        "resolved": "https://registry.npmjs.org/express/-/express-4.17.1.tgz",
        "integrity": "sha512-mmgL7ijHVOMKUMPDMvuaN0fY7Y/5PzXZKlXCeJtfnvI5P6LZJgNBE7F5mVJc7QkHRy5XYfZ7fF7dRKaF4lRn4A==",
        "dependencies": {
          "accepts": "~1.3.7",
          "array-flatten": "1.1.1",
          "body-parser": "1.19.0",
          "content-disposition": "0.5.3",
          "content-type": "~1.0.4",
          "cookie": "0.4.0",
          "cookie-signature": "1.0.6",
          "debug": "2.6.9",
          "depd": "~1.1.2",
          "encodeurl": "~1.0.2",
          "escape-html": "~1.0.3",
          "etag": "~1.8.1",
          "finalhandler": "1.1.2",
          "fresh": "0.5.2",
          "merge-descriptors": "1.0.1",
          "methods": "~1.1.2",
          "on-finished": "~2.3.0",
          "parseurl": "~1.3.3",
          "path-to-regexp": "0.1.7",
          "proxy-addr": "~2.0.5",
          "qs": "6.7.0",
          "range-parser": "~1.2.1",
          "safe-buffer": "5.1.2",
          "send": "0.17.1",
          "serve-static": "1.14.1",
          "setprototypeof": "1.1.1",
          "statuses": "~1.5.0",
          "type-is": "~1.6.18",
          "utils-merge": "1.0.1",
          "vary": "~1.1.2"
        }
      },
      "node_modules/follow-redirects": {
        "version": "1.13.3",
        "resolved": "https://registry.npmjs.org/follow-redirects/-/follow-redirects-1.13.3.tgz",
        "integrity": "sha512-siwG1T5jViXwsNVuF9P5uoE/7jJx8HZ3qqQdDf5MBD7q4XZ5d9/a6Md6uBjT56GRtzTz9Qqsc2nF9lCFdrEUpg=="
      },
      "node_modules/node-telegram-bot-api": {
        "version": "0.51.0",
        "resolved": "https://registry.npmjs.org/node-telegram-bot-api/-/node-telegram-bot-api-0.51.0.tgz",
        "integrity": "sha512-1hG5crEq3GfbtJ1D3bh/PzZzQpo/oxO+LKJopJxv1VjOt+PbdiX2Sw/CZadNLDjUlv7n+rH16/Bk3M1lnAL8Hw==",
        "dependencies": {
          "bluebird": "^3.5.3",
          "eventemitter3": "^4.0.0",
          "file-type": "^16.0.0",
          "mime": "^2.4.4",
          "node-fetch": "^2.6.0",
          "request": "^2.88.0",
          "safe-buffer": "^5.1.2"
        }
      },
      "node_modules/serverless-http": {
        "version": "2.7.0",
        "resolved": "https://registry.npmjs.org/serverless-http/-/serverless-http-2.7.0.tgz",
        "integrity": "sha512-FNfV8yBHYm1PfwpTX9KN4Vq13PAwR+JCPBLUX2J4g58GhZ0BGxkbExJRx9Pj6kYJt0xNnhoXljxs5R7upMsI1A==",
        "dependencies": {
          "accepts": "^1.3.7",
          "content-type": "^1.0.4",
          "is-promise": "^2.1.0",
          "forwarded": "^0.1.2",
          "streamifier": "^0.1.1"
        }
      }
    }
  }